
Microsoft Visual Studio Solution File, Format Version 12.00
# Visual Studio Version 17
VisualStudioVersion = 17.2.32526.322
MinimumVisualStudioVersion = 10.0.40219.1
Project("{FAE04EC0-301F-11D3-BF4B-00C04F79EFBC}") = "APIGateway", "APIGateway\APIGateway.csproj", "{350F8998-1F93-435B-B8D9-8E1BDA3539FB}"
EndProject
Global
	GlobalSection(SolutionConfigurationPlatforms) = preSolution
		Debug|Any CPU = Debug|Any CPU
		Release|Any CPU = Release|Any CPU
	EndGlobalSection
	GlobalSection(ProjectConfigurationPlatforms) = postSolution
		{350F8998-1F93-435B-B8D9-8E1BDA3539FB}.Debug|Any CPU.ActiveCfg = Debug|Any CPU
		{350F8998-1F93-435B-B8D9-8E1BDA3539FB}.Debug|Any CPU.Build.0 = Debug|Any CPU
		{350F8998-1F93-435B-B8D9-8E1BDA3539FB}.Release|Any CPU.ActiveCfg = Release|Any CPU
		{350F8998-1F93-435B-B8D9-8E1BDA3539FB}.Release|Any CPU.Build.0 = Release|Any CPU
	EndGlobalSection
	GlobalSection(SolutionProperties) = preSolution
		HideSolutionNode = FALSE
	EndGlobalSection
	GlobalSection(ExtensibilityGlobals) = postSolution
		SolutionGuid = {8EDE0D1D-83AD-4FE9-97E9-35C8DC3DC018}
	EndGlobalSection
EndGlobal
